// !$*UTF8*$!
{
	archiveVersion = 1;
	classes = {
	};
	objectVersion = 50;
	objects = {

/* Begin PBXBuildFile section */
		AFE8D5F823F3563700C89648 /* AppDelegate.swift in Sources */ = {isa = PBXBuildFile; fileRef = AFE8D5F723F3563700C89648 /* AppDelegate.swift */; };
		AFE8D5FA23F3563700C89648 /* SceneDelegate.swift in Sources */ = {isa = PBXBuildFile; fileRef = AFE8D5F923F3563700C89648 /* SceneDelegate.swift */; };
		AFE8D5FC23F3563700C89648 /* ViewController.swift in Sources */ = {isa = PBXBuildFile; fileRef = AFE8D5FB23F3563700C89648 /* ViewController.swift */; };
		AFE8D5FF23F3563700C89648 /* Main.storyboard in Resources */ = {isa = PBXBuildFile; fileRef = AFE8D5FD23F3563700C89648 /* Main.storyboard */; };
		AFE8D60123F3563900C89648 /* Assets.xcassets in Resources */ = {isa = PBXBuildFile; fileRef = AFE8D60023F3563900C89648 /* Assets.xcassets */; };
		AFE8D60423F3563900C89648 /* LaunchScreen.storyboard in Resources */ = {isa = PBXBuildFile; fileRef = AFE8D60223F3563900C89648 /* LaunchScreen.storyboard */; };
		AFE8D60F23F3563900C89648 /* HackwichThreeTests.swift in Sources */ = {isa = PBXBuildFile; fileRef = AFE8D60E23F3563900C89648 /* HackwichThreeTests.swift */; };
		AFE8D61A23F3563900C89648 /* HackwichThreeUITests.swift in Sources */ = {isa = PBXBuildFile; fileRef = AFE8D61923F3563900C89648 /* HackwichThreeUITests.swift */; };
/* End PBXBuildFile section */

/* Begin PBXContainerItemProxy section */
		AFE8D60B23F3563900C89648 /* PBXContainerItemProxy */ = {
			isa = PBXContainerItemProxy;
			containerPortal = AFE8D5EC23F3563700C89648 /* Project object */;
			proxyType = 1;
			remoteGlobalIDString = AFE8D5F323F3563700C89648;
			remoteInfo = HackwichThree;
		};
		AFE8D61623F3563900C89648 /* PBXContainerItemProxy */ = {
			isa = PBXContainerItemProxy;
			containerPortal = AFE8D5EC23F3563700C89648 /* Project object */;
			proxyType = 1;
			remoteGlobalIDString = AFE8D5F323F3563700C89648;
			remoteInfo = HackwichThree;
		};
/* End PBXContainerItemProxy section */

/* Begin PBXFileReference section */
		AFE8D5F423F3563700C89648 /* HackwichThree.app */ = {isa = PBXFileReference; explicitFileType = wrapper.application; includeInIndex = 0; path = HackwichThree.app; sourceTree = BUILT_PRODUCTS_DIR; };
		AFE8D5F723F3563700C89648 /* AppDelegate.swift */ = {isa = PBXFileReference; lastKnownFileType = sourcecode.swift; path = AppDelegate.swift; sourceTree = "<group>"; };
		AFE8D5F923F3563700C89648 /* SceneDelegate.swift */ = {isa = PBXFileReference; lastKnownFileType = sourcecode.swift; path = SceneDelegate.swift; sourceTree = "<group>"; };
		AFE8D5FB23F3563700C89648 /* ViewController.swift */ = {isa = PBXFileReference; lastKnownFileType = sourcecode.swift; path = ViewController.swift; sourceTree = "<group>"; };
		AFE8D5FE23F3563700C89648 /* Base */ = {isa = PBXFileReference; lastKnownFileType = file.storyboard; name = Base; path = Base.lproj/Main.storyboard; sourceTree = "<group>"; };
		AFE8D60023F3563900C89648 /* Assets.xcassets */ = {isa = PBXFileReference; lastKnownFileType = folder.assetcatalog; path = Assets.xcassets; sourceTree = "<group>"; };
		AFE8D60323F3563900C89648 /* Base */ = {isa = PBXFileReference; lastKnownFileType = file.storyboard; name = Base; path = Base.lproj/LaunchScreen.storyboard; sourceTree = "<group>"; };
		AFE8D60523F3563900C89648 /* Info.plist */ = {isa = PBXFileReference; lastKnownFileType = text.plist.xml; path = Info.plist; sourceTree = "<group>"; };
		AFE8D60A23F3563900C89648 /* HackwichThreeTests.xctest */ = {isa = PBXFileReference; explicitFileType = wrapper.cfbundle; includeInIndex = 0; path = HackwichThreeTests.xctest; sourceTree = BUILT_PRODUCTS_DIR; };
		AFE8D60E23F3563900C89648 /* HackwichThreeTests.swift */ = {isa = PBXFileReference; lastKnownFileType = sourcecode.swift; path = HackwichThreeTests.swift; sourceTree = "<group>"; };
		AFE8D61023F3563900C89648 /* Info.plist */ = {isa = PBXFileReference; lastKnownFileType = text.plist.xml; path = Info.plist; sourceTree = "<group>"; };
		AFE8D61523F3563900C89648 /* HackwichThreeUITests.xctest */ = {isa = PBXFileReference; explicitFileType = wrapper.cfbundle; includeInIndex = 0; path = HackwichThreeUITests.xctest; sourceTree = BUILT_PRODUCTS_DIR; };
		AFE8D61923F3563900C89648 /* HackwichThreeUITests.swift */ = {isa = PBXFileReference; lastKnownFileType = sourcecode.swift; path = HackwichThreeUITests.swift; sourceTree = "<group>"; };
		AFE8D61B23F3563900C89648 /* Info.plist */ = {isa = PBXFileReference; lastKnownFileType = text.plist.xml; path = Info.plist; sourceTree = "<group>"; };
/* End PBXFileReference section */

/* Begin PBXFrameworksBuildPhase section */
		AFE8D5F123F3563700C89648 /* Frameworks */ = {
			isa = PBXFrameworksBuildPhase;
			buildActionMask = 2147483647;
			files = (
			);
			runOnlyForDeploymentPostprocessing = 0;
		};
		AFE8D60723F3563900C89648 /* Frameworks */ = {
			isa = PBXFrameworksBuildPhase;
			buildActionMask = 2147483647;
			files = (
			);
			runOnlyForDeploymentPostprocessing = 0;
		};
		AFE8D61223F3563900C89648 /* Frameworks */ = {
			isa = PBXFrameworksBuildPhase;
			buildActionMask = 2147483647;
			files = (
			);
			runOnlyForDeploymentPostprocessing = 0;
		};
/* End PBXFrameworksBuildPhase section */

/* Begin PBXGroup section */
		AFE8D5EB23F3563700C89648 = {
			isa = PBXGroup;
			children = (
				AFE8D5F623F3563700C89648 /* HackwichThree */,
				AFE8D60D23F3563900C89648 /* HackwichThreeTests */,
				AFE8D61823F3563900C89648 /* HackwichThreeUITests */,
				AFE8D5F523F3563700C89648 /* Products */,
			);
			sourceTree = "<group>";
		};
		AFE8D5F523F3563700C89648 /* Products */ = {
			isa = PBXGroup;
			children = (
				AFE8D5F423F3563700C89648 /* HackwichThree.app */,
				AFE8D60A23F3563900C89648 /* HackwichThreeTests.xctest */,
				AFE8D61523F3563900C89648 /* HackwichThreeUITests.xctest */,
			);
			name = Products;
			sourceTree = "<group>";
		};
		AFE8D5F623F3563700C89648 /* HackwichThree */ = {
			isa = PBXGroup;
			children = (
				AFE8D5F723F3563700C89648 /* AppDelegate.swift */,
				AFE8D5F923F3563700C89648 /* SceneDelegate.swift */,
				AFE8D5FB23F3563700C89648 /* ViewController.swift */,
				AFE8D5FD23F3563700C89648 /* Main.storyboard */,
				AFE8D60023F3563900C89648 /* Assets.xcassets */,
				AFE8D60223F3563900C89648 /* LaunchScreen.storyboard */,
				AFE8D60523F3563900C89648 /* Info.plist */,
			);
			path = HackwichThree;
			sourceTree = "<group>";
		};
		AFE8D60D23F3563900C89648 /* HackwichThreeTests */ = {
			isa = PBXGroup;
			children = (
				AFE8D60E23F3563900C89648 /* HackwichThreeTests.swift */,
				AFE8D61023F3563900C89648 /* Info.plist */,
			);
			path = HackwichThreeTests;
			sourceTree = "<group>";
		};
		AFE8D61823F3563900C89648 /* HackwichThreeUITests */ = {
			isa = PBXGroup;
			children = (
				AFE8D61923F3563900C89648 /* HackwichThreeUITests.swift */,
				AFE8D61B23F3563900C89648 /* Info.plist */,
			);
			path = HackwichThreeUITests;
			sourceTree = "<group>";
		};
/* End PBXGroup section */

/* Begin PBXNativeTarget section */
		AFE8D5F323F3563700C89648 /* HackwichThree */ = {
			isa = PBXNativeTarget;
			buildConfigurationList = AFE8D61E23F3563900C89648 /* Build configuration list for PBXNativeTarget "HackwichThree" */;
			buildPhases = (
				AFE8D5F023F3563700C89648 /* Sources */,
				AFE8D5F123F3563700C89648 /* Frameworks */,
				AFE8D5F223F3563700C89648 /* Resources */,
			);
			buildRules = (
			);
			dependencies = (
			);
			name = HackwichThree;
			productName = HackwichThree;
			productReference = AFE8D5F423F3563700C89648 /* HackwichThree.app */;
			productType = "com.apple.product-type.application";
		};
		AFE8D60923F3563900C89648 /* HackwichThreeTests */ = {
			isa = PBXNativeTarget;
			buildConfigurationList = AFE8D62123F3563900C89648 /* Build configuration list for PBXNativeTarget "HackwichThreeTests" */;
			buildPhases = (
				AFE8D60623F3563900C89648 /* Sources */,
				AFE8D60723F3563900C89648 /* Frameworks */,
				AFE8D60823F3563900C89648 /* Resources */,
			);
			buildRules = (
			);
			dependencies = (
				AFE8D60C23F3563900C89648 /* PBXTargetDependency */,
			);
			name = HackwichThreeTests;
			productName = HackwichThreeTests;
			productReference = AFE8D60A23F3563900C89648 /* HackwichThreeTests.xctest */;
			productType = "com.apple.product-type.bundle.unit-test";
		};
		AFE8D61423F3563900C89648 /* HackwichThreeUITests */ = {
			isa = PBXNativeTarget;
			buildConfigurationList = AFE8D62423F3563900C89648 /* Build configuration list for PBXNativeTarget "HackwichThreeUITests" */;
			buildPhases = (
				AFE8D61123F3563900C89648 /* Sources */,
				AFE8D61223F3563900C89648 /* Frameworks */,
				AFE8D61323F3563900C89648 /* Resources */,
			);
			buildRules = (
			);
			dependencies = (
				AFE8D61723F3563900C89648 /* PBXTargetDependency */,
			);
			name = HackwichThreeUITests;
			productName = HackwichThreeUITests;
			productReference = AFE8D61523F3563900C89648 /* HackwichThreeUITests.xctest */;
			productType = "com.apple.product-type.bundle.ui-testing";
		};
/* End PBXNativeTarget section */

/* Begin PBXProject section */
		AFE8D5EC23F3563700C89648 /* Project object */ = {
			isa = PBXProject;
			attributes = {
				LastSwiftUpdateCheck = 1130;
				LastUpgradeCheck = 1130;
				ORGANIZATIONNAME = "Rhysa Lee";
				TargetAttributes = {
					AFE8D5F323F3563700C89648 = {
						CreatedOnToolsVersion = 11.3.1;
					};
					AFE8D60923F3563900C89648 = {
						CreatedOnToolsVersion = 11.3.1;
						TestTargetID = AFE8D5F323F3563700C89648;
					};
					AFE8D61423F3563900C89648 = {
						CreatedOnToolsVersion = 11.3.1;
						TestTargetID = AFE8D5F323F3563700C89648;
					};
				};
			};
			buildConfigurationList = AFE8D5EF23F3563700C89648 /* Build configuration list for PBXProject "HackwichThree" */;
			compatibilityVersion = "Xcode 9.3";
			developmentRegion = en;
			hasScannedForEncodings = 0;
			knownRegions = (
				en,
				Base,
			);
			mainGroup = AFE8D5EB23F3563700C89648;
			productRefGroup = AFE8D5F523F3563700C89648 /* Products */;
			projectDirPath = "";
			projectRoot = "";
			targets = (
				AFE8D5F323F3563700C89648 /* HackwichThree */,
				AFE8D60923F3563900C89648 /* HackwichThreeTests */,
				AFE8D61423F3563900C89648 /* HackwichThreeUITests */,
			);
		};
/* End PBXProject section */

/* Begin PBXResourcesBuildPhase section */
		AFE8D5F223F3563700C89648 /* Resources */ = {
			isa = PBXResourcesBuildPhase;
			buildActionMask = 2147483647;
			files = (
				AFE8D60423F3563900C89648 /* LaunchScreen.storyboard in Resources */,
				AFE8D60123F3563900C89648 /* Assets.xcassets in Resources */,
				AFE8D5FF23F3563700C89648 /* Main.storyboard in Resources */,
			);
			runOnlyForDeploymentPostprocessing = 0;
		};
		AFE8D60823F3563900C89648 /* Resources */ = {
			isa = PBXResourcesBuildPhase;
			buildActionMask = 2147483647;
			files = (
			);
			runOnlyForDeploymentPostprocessing = 0;
		};
		AFE8D61323F3563900C89648 /* Resources */ = {
			isa = PBXResourcesBuildPhase;
			buildActionMask = 2147483647;
			files = (
			);
			runOnlyForDeploymentPostprocessing = 0;
		};
/* End PBXResourcesBuildPhase section */

/* Begin PBXSourcesBuildPhase section */
		AFE8D5F023F3563700C89648 /* Sources */ = {
			isa = PBXSourcesBuildPhase;
			buildActionMask = 2147483647;
			files = (
				AFE8D5FC23F3563700C89648 /* ViewController.swift in Sources */,
				AFE8D5F823F3563700C89648 /* AppDelegate.swift in Sources */,
				AFE8D5FA23F3563700C89648 /* SceneDelegate.swift in Sources */,
			);
			runOnlyForDeploymentPostprocessing = 0;
		};
		AFE8D60623F3563900C89648 /* Sources */ = {
			isa = PBXSourcesBuildPhase;
			buildActionMask = 2147483647;
			files = (
				AFE8D60F23F3563900C89648 /* HackwichThreeTests.swift in Sources */,
			);
			runOnlyForDeploymentPostprocessing = 0;
		};
		AFE8D61123F3563900C89648 /* Sources */ = {
			isa = PBXSourcesBuildPhase;
			buildActionMask = 2147483647;
			files = (
				AFE8D61A23F3563900C89648 /* HackwichThreeUITests.swift in Sources */,
			);
			runOnlyForDeploymentPostprocessing = 0;
		};
/* End PBXSourcesBuildPhase section */

/* Begin PBXTargetDependency section */
		AFE8D60C23F3563900C89648 /* PBXTargetDependency */ = {
			isa = PBXTargetDependency;
			target = AFE8D5F323F3563700C89648 /* HackwichThree */;
			targetProxy = AFE8D60B23F3563900C89648 /* PBXContainerItemProxy */;
		};
		AFE8D61723F3563900C89648 /* PBXTargetDependency */ = {
			isa = PBXTargetDependency;
			target = AFE8D5F323F3563700C89648 /* HackwichThree */;
			targetProxy = AFE8D61623F3563900C89648 /* PBXContainerItemProxy */;
		};
/* End PBXTargetDependency section */

/* Begin PBXVariantGroup section */
		AFE8D5FD23F3563700C89648 /* Main.storyboard */ = {
			isa = PBXVariantGroup;
			children = (
				AFE8D5FE23F3563700C89648 /* Base */,
			);
			name = Main.storyboard;
			sourceTree = "<group>";
		};
		AFE8D60223F3563900C89648 /* LaunchScreen.storyboard */ = {
			isa = PBXVariantGroup;
			children = (
				AFE8D60323F3563900C89648 /* Base */,
			);
			name = LaunchScreen.storyboard;
			sourceTree = "<group>";
		};
/* End PBXVariantGroup section */

/* Begin XCBuildConfiguration section */
		AFE8D61C23F3563900C89648 /* Debug */ = {
			isa = XCBuildConfiguration;
			buildSettings = {
				ALWAYS_SEARCH_USER_PATHS = NO;
				CLANG_ANALYZER_NONNULL = YES;
				CLANG_ANALYZER_NUMBER_OBJECT_CONVERSION = YES_AGGRESSIVE;
				CLANG_CXX_LANGUAGE_STANDARD = "gnu++14";
				CLANG_CXX_LIBRARY = "libc++";
				CLANG_ENABLE_MODULES = YES;
				CLANG_ENABLE_OBJC_ARC = YES;
				CLANG_ENABLE_OBJC_WEAK = YES;
				CLANG_WARN_BLOCK_CAPTURE_AUTORELEASING = YES;
				CLANG_WARN_BOOL_CONVERSION = YES;
				CLANG_WARN_COMMA = YES;
				CLANG_WARN_CONSTANT_CONVERSION = YES;
				CLANG_WARN_DEPRECATED_OBJC_IMPLEMENTATIONS = YES;
				CLANG_WARN_DIRECT_OBJC_ISA_USAGE = YES_ERROR;
				CLANG_WARN_DOCUMENTATION_COMMENTS = YES;
				CLANG_WARN_EMPTY_BODY = YES;
				CLANG_WARN_ENUM_CONVERSION = YES;
				CLANG_WARN_INFINITE_RECURSION = YES;
				CLANG_WARN_INT_CONVERSION = YES;
				CLANG_WARN_NON_LITERAL_NULL_CONVERSION = YES;
				CLANG_WARN_OBJC_IMPLICIT_RETAIN_SELF = YES;
				CLANG_WARN_OBJC_LITERAL_CONVERSION = YES;
				CLANG_WARN_OBJC_ROOT_CLASS = YES_ERROR;
				CLANG_WARN_RANGE_LOOP_ANALYSIS = YES;
				CLANG_WARN_STRICT_PROTOTYPES = YES;
				CLANG_WARN_SUSPICIOUS_MOVE = YES;
				CLANG_WARN_UNGUARDED_AVAILABILITY = YES_AGGRESSIVE;
				CLANG_WARN_UNREACHABLE_CODE = YES;
				CLANG_WARN__DUPLICATE_METHOD_MATCH = YES;
				COPY_PHASE_STRIP = NO;
				DEBUG_INFORMATION_FORMAT = dwarf;
				ENABLE_STRICT_OBJC_MSGSEND = YES;
				ENABLE_TESTABILITY = YES;
				GCC_C_LANGUAGE_STANDARD = gnu11;
				GCC_DYNAMIC_NO_PIC = NO;
				GCC_NO_COMMON_BLOCKS = YES;
				GCC_OPTIMIZATION_LEVEL = 0;
				GCC_PREPROCESSOR_DEFINITIONS = (
					"DEBUG=1",
					"$(inherited)",
				);
				GCC_WARN_64_TO_32_BIT_CONVERSION = YES;
				GCC_WARN_ABOUT_RETURN_TYPE = YES_ERROR;
				GCC_WARN_UNDECLARED_SELECTOR = YES;
				GCC_WARN_UNINITIALIZED_AUTOS = YES_AGGRESSIVE;
				GCC_WARN_UNUSED_FUNCTION = YES;
				GCC_WARN_UNUSED_VARIABLE = YES;
				IPHONEOS_DEPLOYMENT_TARGET = 13.2;
				MTL_ENABLE_DEBUG_INFO = INCLUDE_SOURCE;
				MTL_FAST_MATH = YES;
				ONLY_ACTIVE_ARCH = YES;
				SDKROOT = iphoneos;
				SWIFT_ACTIVE_COMPILATION_CONDITIONS = DEBUG;
				SWIFT_OPTIMIZATION_LEVEL = "-Onone";
			};
			name = Debug;
		};
		AFE8D61D23F3563900C89648 /* Release */ = {
			isa = XCBuildConfiguration;
			buildSettings = {
				ALWAYS_SEARCH_USER_PATHS = NO;
				CLANG_ANALYZER_NONNULL = YES;
				CLANG_ANALYZER_NUMBER_OBJECT_CONVERSION = YES_AGGRESSIVE;
				CLANG_CXX_LANGUAGE_STANDARD = "gnu++14";
				CLANG_CXX_LIBRARY = "libc++";
				CLANG_ENABLE_MODULES = YES;
				CLANG_ENABLE_OBJC_ARC = YES;
				CLANG_ENABLE_OBJC_WEAK = YES;
				CLANG_WARN_BLOCK_CAPTURE_AUTORELEASING = YES;
				CLANG_WARN_BOOL_CONVERSION = YES;
				CLANG_WARN_COMMA = YES;
				CLANG_WARN_CONSTANT_CONVERSION = YES;
				CLANG_WARN_DEPRECATED_OBJC_IMPLEMENTATIONS = YES;
				CLANG_WARN_DIRECT_OBJC_ISA_USAGE = YES_ERROR;
				CLANG_WARN_DOCUMENTATION_COMMENTS = YES;
				CLANG_WARN_EMPTY_BODY = YES;
				CLANG_WARN_ENUM_CONVERSION = YES;
				CLANG_WARN_INFINITE_RECURSION = YES;
				CLANG_WARN_INT_CONVERSION = YES;
				CLANG_WARN_NON_LITERAL_NULL_CONVERSION = YES;
				CLANG_WARN_OBJC_IMPLICIT_RETAIN_SELF = YES;
				CLANG_WARN_OBJC_LITERAL_CONVERSION = YES;
				CLANG_WARN_OBJC_ROOT_CLASS = YES_ERROR;
				CLANG_WARN_RANGE_LOOP_ANALYSIS = YES;
				CLANG_WARN_STRICT_PROTOTYPES = YES;
				CLANG_WARN_SUSPICIOUS_MOVE = YES;
				CLANG_WARN_UNGUARDED_AVAILABILITY = YES_AGGRESSIVE;
				CLANG_WARN_UNREACHABLE_CODE = YES;
				CLANG_WARN__DUPLICATE_METHOD_MATCH = YES;
				COPY_PHASE_STRIP = NO;
				DEBUG_INFORMATION_FORMAT = "dwarf-with-dsym";
				ENABLE_NS_ASSERTIONS = NO;
				ENABLE_STRICT_OBJC_MSGSEND = YES;
				GCC_C_LANGUAGE_STANDARD = gnu11;
				GCC_NO_COMMON_BLOCKS = YES;
				GCC_WARN_64_TO_32_BIT_CONVERSION = YES;
				GCC_WARN_ABOUT_RETURN_TYPE = YES_ERROR;
				GCC_WARN_UNDECLARED_SELECTOR = YES;
				GCC_WARN_UNINITIALIZED_AUTOS = YES_AGGRESSIVE;
				GCC_WARN_UNUSED_FUNCTION = YES;
				GCC_WARN_UNUSED_VARIABLE = YES;
				IPHONEOS_DEPLOYMENT_TARGET = 13.2;
				MTL_ENABLE_DEBUG_INFO = NO;
				MTL_FAST_MATH = YES;
				SDKROOT = iphoneos;
				SWIFT_COMPILATION_MODE = wholemodule;
				SWIFT_OPTIMIZATION_LEVEL = "-O";
				VALIDATE_PRODUCT = YES;
			};
			name = Release;
		};
		AFE8D61F23F3563900C89648 /* Debug */ = {
			isa = XCBuildConfiguration;
			buildSettings = {
				ASSETCATALOG_COMPILER_APPICON_NAME = AppIcon;
				CODE_SIGN_STYLE = Automatic;
				DEVELOPMENT_TEAM = 3C6KH7LGZ9;
				INFOPLIST_FILE = HackwichThree/Info.plist;
				LD_RUNPATH_SEARCH_PATHS = (
					"$(inherited)",
					"@executable_path/Frameworks",
				);
				PRODUCT_BUNDLE_IDENTIFIER = uhwo.HackwichThree;
				PRODUCT_NAME = "$(TARGET_NAME)";
				SWIFT_VERSION = 5.0;
				TARGETED_DEVICE_FAMILY = "1,2";
			};
			name = Debug;
		};
		AFE8D62023F3563900C89648 /* Release */ = {
			isa = XCBuildConfiguration;
			buildSettings = {
				ASSETCATALOG_COMPILER_APPICON_NAME = AppIcon;
				CODE_SIGN_STYLE = Automatic;
				DEVELOPMENT_TEAM = 3C6KH7LGZ9;
				INFOPLIST_FILE = HackwichThree/Info.plist;
				LD_RUNPATH_SEARCH_PATHS = (
					"$(inherited)",
					"@executable_path/Frameworks",
				);
				PRODUCT_BUNDLE_IDENTIFIER = uhwo.HackwichThree;
				PRODUCT_NAME = "$(TARGET_NAME)";
				SWIFT_VERSION = 5.0;
				TARGETED_DEVICE_FAMILY = "1,2";
			};
			name = Release;
		};
		AFE8D62223F3563900C89648 /* Debug */ = {
			isa = XCBuildConfiguration;
			buildSettings = {
				ALWAYS_EMBED_SWIFT_STANDARD_LIBRARIES = YES;
				BUNDLE_LOADER = "$(TEST_HOST)";
				CODE_SIGN_STYLE = Automatic;
				DEVELOPMENT_TEAM = 3C6KH7LGZ9;
				INFOPLIST_FILE = HackwichThreeTests/Info.plist;
				IPHONEOS_DEPLOYMENT_TARGET = 13.2;
				LD_RUNPATH_SEARCH_PATHS = (
					"$(inherited)",
					"@executable_path/Frameworks",
					"@loader_path/Frameworks",
				);
				PRODUCT_BUNDLE_IDENTIFIER = uhwo.HackwichThreeTests;
				PRODUCT_NAME = "$(TARGET_NAME)";
				SWIFT_VERSION = 5.0;
				TARGETED_DEVICE_FAMILY = "1,2";
				TEST_HOST = "$(BUILT_PRODUCTS_DIR)/HackwichThree.app/HackwichThree";
			};
			name = Debug;
		};
		AFE8D62323F3563900C89648 /* Release */ = {
			isa = XCBuildConfiguration;
			buildSettings = {
				ALWAYS_EMBED_SWIFT_STANDARD_LIBRARIES = YES;
				BUNDLE_LOADER = "$(TEST_HOST)";
				CODE_SIGN_STYLE = Automatic;
				DEVELOPMENT_TEAM = 3C6KH7LGZ9;
				INFOPLIST_FILE = HackwichThreeTests/Info.plist;
				IPHONEOS_DEPLOYMENT_TARGET = 13.2;
				LD_RUNPATH_SEARCH_PATHS = (
					"$(inherited)",
					"@executable_path/Frameworks",
					"@loader_path/Frameworks",
				);
				PRODUCT_BUNDLE_IDENTIFIER = uhwo.HackwichThreeTests;
				PRODUCT_NAME = "$(TARGET_NAME)";
				SWIFT_VERSION = 5.0;
				TARGETED_DEVICE_FAMILY = "1,2";
				TEST_HOST = "$(BUILT_PRODUCTS_DIR)/HackwichThree.app/HackwichThree";
			};
			name = Release;
		};
		AFE8D62523F3563900C89648 /* Debug */ = {
			isa = XCBuildConfiguration;
			buildSettings = {
				ALWAYS_EMBED_SWIFT_STANDARD_LIBRARIES = YES;
				CODE_SIGN_STYLE = Automatic;
				DEVELOPMENT_TEAM = 3C6KH7LGZ9;
				INFOPLIST_FILE = HackwichThreeUITests/Info.plist;
				LD_RUNPATH_SEARCH_PATHS = (
					"$(inherited)",
					"@executable_path/Frameworks",
					"@loader_path/Frameworks",
				);
				PRODUCT_BUNDLE_IDENTIFIER = uhwo.HackwichThreeUITests;
				PRODUCT_NAME = "$(TARGET_NAME)";
				SWIFT_VERSION = 5.0;
				TARGETED_DEVICE_FAMILY = "1,2";
				TEST_TARGET_NAME = HackwichThree;
			};
			name = Debug;
		};
		AFE8D62623F3563900C89648 /* Release */ = {
			isa = XCBuildConfiguration;
			buildSettings = {
				ALWAYS_EMBED_SWIFT_STANDARD_LIBRARIES = YES;
				CODE_SIGN_STYLE = Automatic;
				DEVELOPMENT_TEAM = 3C6KH7LGZ9;
				INFOPLIST_FILE = HackwichThreeUITests/Info.plist;
				LD_RUNPATH_SEARCH_PATHS = (
					"$(inherited)",
					"@executable_path/Frameworks",
					"@loader_path/Frameworks",
				);
				PRODUCT_BUNDLE_IDENTIFIER = uhwo.HackwichThreeUITests;
				PRODUCT_NAME = "$(TARGET_NAME)";
				SWIFT_VERSION = 5.0;
				TARGETED_DEVICE_FAMILY = "1,2";
				TEST_TARGET_NAME = HackwichThree;
			};
			name = Release;
		};
/* End XCBuildConfiguration section */

/* Begin XCConfigurationList section */
		AFE8D5EF23F3563700C89648 /* Build configuration list for PBXProject "HackwichThree" */ = {
			isa = XCConfigurationList;
			buildConfigurations = (
				AFE8D61C23F3563900C89648 /* Debug */,
				AFE8D61D23F3563900C89648 /* Release */,
			);
			defaultConfigurationIsVisible = 0;
			defaultConfigurationName = Release;
		};
		AFE8D61E23F3563900C89648 /* Build configuration list for PBXNativeTarget "HackwichThree" */ = {
			isa = XCConfigurationList;
			buildConfigurations = (
				AFE8D61F23F3563900C89648 /* Debug */,
				AFE8D62023F3563900C89648 /* Release */,
			);
			defaultConfigurationIsVisible = 0;
			defaultConfigurationName = Release;
		};
		AFE8D62123F3563900C89648 /* Build configuration list for PBXNativeTarget "HackwichThreeTests" */ = {
			isa = XCConfigurationList;
			buildConfigurations = (
				AFE8D62223F3563900C89648 /* Debug */,
				AFE8D62323F3563900C89648 /* Release */,
			);
			defaultConfigurationIsVisible = 0;
			defaultConfigurationName = Release;
		};
		AFE8D62423F3563900C89648 /* Build configuration list for PBXNativeTarget "HackwichThreeUITests" */ = {
			isa = XCConfigurationList;
			buildConfigurations = (
				AFE8D62523F3563900C89648 /* Debug */,
				AFE8D62623F3563900C89648 /* Release */,
			);
			defaultConfigurationIsVisible = 0;
			defaultConfigurationName = Release;
		};
/* End XCConfigurationList section */
	};
	rootObject = AFE8D5EC23F3563700C89648 /* Project object */;
}
